{
    "_readme": [
        "This file locks the dependencies of your project to a known state",
        "Read more about it at https://getcomposer.org/doc/01-basic-usage.md#installing-dependencies",
        "This file is @generated automatically"
    ],
    "content-hash": "0073d645a0953d768912da3942b6e6f1",
    "packages": [
        {
            "name": "arlisaha/scssphp",
            "version": "v0.6.1",
            "source": {
                "type": "git",
                "url": "https://github.com/Arlisaha/scssphp.git",
                "reference": "fc8c73b7955b22b40792d716d42c8daa5b43a777"
            },
            "dist": {
                "type": "zip",
                "url": "https://api.github.com/repos/Arlisaha/scssphp/zipball/fc8c73b7955b22b40792d716d42c8daa5b43a777",
                "reference": "fc8c73b7955b22b40792d716d42c8daa5b43a777",
                "shasum": ""
            },
            "require": {
                "php": ">=5.4.0"
            },
            "require-dev": {
                "kherge/box": "~2.5",
                "phpunit/phpunit": "~3.7",
                "squizlabs/php_codesniffer": "~2.3"
            },
            "bin": [
                "bin/pscss"
            ],
            "type": "library",
            "autoload": {
                "psr-4": {
                    "Leafo\\ScssPhp\\": "src/"
                }
            },
            "notification-url": "https://packagist.org/downloads/",
            "license": [
                "MIT"
            ],
            "authors": [
                {
                    "name": "Leaf Corcoran",
                    "email": "leafot@gmail.com",
                    "homepage": "http://leafo.net"
                }
            ],
            "description": "scssphp is a compiler for SCSS written in PHP.",
            "homepage": "http://leafo.github.io/scssphp/",
            "keywords": [
                "css",
                "less",
                "sass",
                "scss",
                "stylesheet"
            ],
            "support": {
                "source": "https://github.com/Arlisaha/scssphp/tree/v0.6.1"
            },
            "time": "2015-12-13T08:03:38+00:00"
        },
        {
            "name": "smarty/smarty",
            "version": "v4.3.4",
            "source": {
                "type": "git",
                "url": "https://github.com/smarty-php/smarty.git",
                "reference": "3931d8f54b8f7a4ffab538582d34d4397ba8daa5"
            },
            "dist": {
                "type": "zip",
                "url": "https://api.github.com/repos/smarty-php/smarty/zipball/3931d8f54b8f7a4ffab538582d34d4397ba8daa5",
                "reference": "3931d8f54b8f7a4ffab538582d34d4397ba8daa5",
                "shasum": ""
            },
            "require": {
                "php": "^7.1 || ^8.0"
            },
            "require-dev": {
                "phpunit/phpunit": "^8.5 || ^7.5",
                "smarty/smarty-lexer": "^3.1"
            },
            "type": "library",
            "extra": {
                "branch-alias": {
                    "dev-master": "4.0.x-dev"
                }
            },
            "autoload": {
                "classmap": [
                    "libs/"
                ]
            },
            "notification-url": "https://packagist.org/downloads/",
            "license": [
                "LGPL-3.0"
            ],
            "authors": [
                {
                    "name": "Monte Ohrt",
                    "email": "monte@ohrt.com"
                },
                {
                    "name": "Uwe Tews",
                    "email": "uwe.tews@googlemail.com"
                },
                {
                    "name": "Rodney Rehm",
                    "email": "rodney.rehm@medialize.de"
                },
                {
                    "name": "Simon Wisselink",
                    "homepage": "https://www.iwink.nl/"
                }
            ],
            "description": "Smarty - the compiling PHP template engine",
            "homepage": "https://smarty-php.github.io/smarty/",
            "keywords": [
                "templating"
            ],
            "support": {
                "forum": "https://github.com/smarty-php/smarty/discussions",
                "issues": "https://github.com/smarty-php/smarty/issues",
                "source": "https://github.com/smarty-php/smarty/tree/v4.3.4"
            },
            "time": "2023-09-14T10:59:08+00:00"
        },
        {
            "name": "studio-42/elfinder",
            "version": "2.1.62",
            "source": {
                "type": "git",
                "url": "https://github.com/Studio-42/elFinder.git",
                "reference": "91133c14a341158beca82aede0b2138236a96bc8"
            },
            "dist": {
                "type": "zip",
                "url": "https://api.github.com/repos/Studio-42/elFinder/zipball/91133c14a341158beca82aede0b2138236a96bc8",
                "reference": "91133c14a341158beca82aede0b2138236a96bc8",
                "shasum": ""
            },
            "require": {
                "php": ">=5.2"
            },
            "suggest": {
                "barryvdh/elfinder-flysystem-driver": "VolumeDriver for elFinder to use Flysystem as a root.",
                "google/apiclient": "VolumeDriver GoogleDrive require `google/apiclient:^2.0.",
                "kunalvarma05/dropbox-php-sdk": "VolumeDriver `Dropbox`2 require `kunalvarma05/dropbox-php-sdk.",
                "nao-pon/flysystem-google-drive": "require in GoogleDrive network volume mounting with Flysystem."
            },
            "type": "library",
            "autoload": {
                "classmap": [
                    "php"
                ]
            },
            "notification-url": "https://packagist.org/downloads/",
            "license": [
                "BSD-3-Clause"
            ],
            "authors": [
                {
                    "name": "Dmitry Levashov",
                    "email": "dio@std42.ru",
                    "homepage": "http://std42.ru"
                },
                {
                    "name": "Troex Nevelin",
                    "email": "troex@fury.scancode.ru",
                    "homepage": "http://std42.ru"
                },
                {
                    "name": "Naoki Sawada",
                    "email": "hypweb+elfinder@gmail.com",
                    "homepage": "http://xoops.hypweb.net"
                },
                {
                    "name": "Community contributions",
                    "homepage": "https://github.com/Studio-42/elFinder/contributors"
                }
            ],
            "description": "File manager for web",
            "homepage": "http://elfinder.org",
            "support": {
                "issues": "https://github.com/Studio-42/elFinder/issues",
                "source": "https://github.com/Studio-42/elFinder/tree/2.1.62"
            },
            "funding": [
                {
                    "url": "https://github.com/nao-pon",
                    "type": "github"
                }
            ],
            "time": "2023-06-13T16:39:07+00:00"
        }
    ],
    "packages-dev": [],
    "aliases": [],
    "minimum-stability": "stable",
    "stability-flags": [],
    "prefer-stable": false,
    "prefer-lowest": false,
    "platform": [],
    "platform-dev": [],
    "plugin-api-version": "2.6.0"
}
